dependencies:
- name: postgresql
  repository: oci://registry-1.docker.io/bitnamicharts
  version: 18.8.14
- name: keycloak
  repository: oci://registry-1.docker.io/bitnamicharts
  version: 25.2.0
digest: sha256:af8c3697c6b66ab89cd4868f74b56b89866fdcba4f81221173c6e4225b5ba061
generated: "2026-09-03T12:19:36.230196838+09:00"
